
Microsoft Visual Studio Solution File, Format Version 12.00
# Visual Studio Version 16
VisualStudioVersion = 16.0.29424.173
MinimumVisualStudioVersion = 10.0.40219.1
Project("{FAE04EC0-301F-11D3-BF4B-00C04F79EFBC}") = "Big letters", "Big letters\Big letters.csproj", "{622A0210-1AAC-4F07-A60B-CD23ABE170A4}"
EndProject
Global
	GlobalSection(SolutionConfigurationPlatforms) = preSolution
		Debug|Any CPU = Debug|Any CPU
		Release|Any CPU = Release|Any CPU
	EndGlobalSection
	GlobalSection(ProjectConfigurationPlatforms) = postSolution
		{622A0210-1AAC-4F07-A60B-CD23ABE170A4}.Debug|Any CPU.ActiveCfg = Debug|Any CPU
		{622A0210-1AAC-4F07-A60B-CD23ABE170A4}.Debug|Any CPU.Build.0 = Debug|Any CPU
		{622A0210-1AAC-4F07-A60B-CD23ABE170A4}.Release|Any CPU.ActiveCfg = Release|Any CPU
		{622A0210-1AAC-4F07-A60B-CD23ABE170A4}.Release|Any CPU.Build.0 = Release|Any CPU
	EndGlobalSection
	GlobalSection(SolutionProperties) = preSolution
		HideSolutionNode = FALSE
	EndGlobalSection
	GlobalSection(ExtensibilityGlobals) = postSolution
		SolutionGuid = {ADB8FC0C-6DE9-4DBF-862F-A6FD596E2A5B}
	EndGlobalSection
EndGlobal
